// !$*UTF8*$!
{
	archiveVersion = 1;
	classes = {
	};
	objectVersion = 48;
	objects = {

/* Begin PBXBuildFile section */
		03263653CB406F3BDE6356C4 /* Pods_RED360.framework in Frameworks */ = {isa = PBXBuildFile; fileRef = 66F734AB938BAFCB4A4C1ACB /* Pods_RED360.framework */; };
		10909EC8A8090579611F5E8E /* Pods_RED360Tests.framework in Frameworks */ = {isa = PBXBuildFile; fileRef = 8EDD9F5460D6D07CD97BBD5B /* Pods_RED360Tests.framework */; };
		1A72301962F33744AC432B2F /* Pods_RED360UITests.framework in Frameworks */ = {isa = PBXBuildFile; fileRef = B0F69EEE99B86DC20C0E1BBB /* Pods_RED360UITests.framework */; };
		7107E8292173E50F006EFF1E /* CombinatedChartCell.swift in Sources */ = {isa = PBXBuildFile; fileRef = 7107E8282173E50F006EFF1E /* CombinatedChartCell.swift */; };
		7107E82C2173F651006EFF1E /* ChartValueFormatter.swift in Sources */ = {isa = PBXBuildFile; fileRef = 7107E82B2173F651006EFF1E /* ChartValueFormatter.swift */; };
		7107E82E2173FC81006EFF1E /* OrderCell.swift in Sources */ = {isa = PBXBuildFile; fileRef = 7107E82D2173FC81006EFF1E /* OrderCell.swift */; };
		7158DC25216E3D4F0083B844 /* MenuViewController.swift in Sources */ = {isa = PBXBuildFile; fileRef = 7158DC24216E3D4F0083B844 /* MenuViewController.swift */; };
		7158DC2A216E623B0083B844 /* LoginViewController.swift in Sources */ = {isa = PBXBuildFile; fileRef = 7158DC29216E623B0083B844 /* LoginViewController.swift */; };
		7158DC2C216E626A0083B844 /* SlideViewController.swift in Sources */ = {isa = PBXBuildFile; fileRef = 7158DC2B216E626A0083B844 /* SlideViewController.swift */; };
		7158DC2E216E6D050083B844 /* SearchViewController.swift in Sources */ = {isa = PBXBuildFile; fileRef = 7158DC2D216E6D050083B844 /* SearchViewController.swift */; };
		7158DC31216E84C80083B844 /* RankedCell.swift in Sources */ = {isa = PBXBuildFile; fileRef = 7158DC30216E84C80083B844 /* RankedCell.swift */; };
		7158DC33216E84FE0083B844 /* ChartCell.swift in Sources */ = {isa = PBXBuildFile; fileRef = 7158DC32216E84FE0083B844 /* ChartCell.swift */; };
		715B98F7216E251E003BE5A5 /* AppDelegate.swift in Sources */ = {isa = PBXBuildFile; fileRef = 715B98F6216E251E003BE5A5 /* AppDelegate.swift */; };
		715B98F9216E251E003BE5A5 /* DashboardViewController.swift in Sources */ = {isa = PBXBuildFile; fileRef = 715B98F8216E251E003BE5A5 /* DashboardViewController.swift */; };
		715B98FC216E251E003BE5A5 /* Main.storyboard in Resources */ = {isa = PBXBuildFile; fileRef = 715B98FA216E251E003BE5A5 /* Main.storyboard */; };
		715B98FE216E251E003BE5A5 /* Assets.xcassets in Resources */ = {isa = PBXBuildFile; fileRef = 715B98FD216E251E003BE5A5 /* Assets.xcassets */; };
		715B9901216E251E003BE5A5 /* LaunchScreen.storyboard in Resources */ = {isa = PBXBuildFile; fileRef = 715B98FF216E251E003BE5A5 /* LaunchScreen.storyboard */; };
		715B990C216E251E003BE5A5 /* RED360Tests.swift in Sources */ = {isa = PBXBuildFile; fileRef = 715B990B216E251E003BE5A5 /* RED360Tests.swift */; };
		715B9917216E251E003BE5A5 /* RED360UITests.swift in Sources */ = {isa = PBXBuildFile; fileRef = 715B9916216E251E003BE5A5 /* RED360UITests.swift */; };
		716C56ED217E061700003759 /* GoogleService-Info.plist in Resources */ = {isa = PBXBuildFile; fileRef = 716C56EC217E061700003759 /* GoogleService-Info.plist */; };
		716C56F0217E071000003759 /* VLoading.xib in Resources */ = {isa = PBXBuildFile; fileRef = 716C56EE217E070F00003759 /* VLoading.xib */; };
		716C56F1217E071000003759 /* VLoading.swift in Sources */ = {isa = PBXBuildFile; fileRef = 716C56EF217E071000003759 /* VLoading.swift */; };
		716C56F4217E1A8B00003759 /* Rest.swift in Sources */ = {isa = PBXBuildFile; fileRef = 716C56F3217E1A8B00003759 /* Rest.swift */; };
		716C56F6217E1B6A00003759 /* NotaPilarModel.swift in Sources */ = {isa = PBXBuildFile; fileRef = 716C56F5217E1B6A00003759 /* NotaPilarModel.swift */; };
		716C56F8217E1BA700003759 /* AccessDeniedModel.swift in Sources */ = {isa = PBXBuildFile; fileRef = 716C56F7217E1BA700003759 /* AccessDeniedModel.swift */; };
		716C56FA217E1F1400003759 /* UserModel.swift in Sources */ = {isa = PBXBuildFile; fileRef = 716C56F9217E1F1400003759 /* UserModel.swift */; };
		716C56FE217E205F00003759 /* UserManager.swift in Sources */ = {isa = PBXBuildFile; fileRef = 716C56FD217E205F00003759 /* UserManager.swift */; };
		716C5700217E212900003759 /* FirebaseManager.swift in Sources */ = {isa = PBXBuildFile; fileRef = 716C56FF217E212900003759 /* FirebaseManager.swift */; };
		716C5710217E21DF00003759 /* Authenticable.swift in Sources */ = {isa = PBXBuildFile; fileRef = 716C5709217E21DD00003759 /* Authenticable.swift */; };
		716C5714217E2ACA00003759 /* FirebaseAuthenticable.swift in Sources */ = {isa = PBXBuildFile; fileRef = 716C5713217E2ACA00003759 /* FirebaseAuthenticable.swift */; };
		716C5716217E2EF300003759 /* UserDefaultsKey.swift in Sources */ = {isa = PBXBuildFile; fileRef = 716C5715217E2EF300003759 /* UserDefaultsKey.swift */; };
		716C5718217E2F3400003759 /* ControllerManager.swift in Sources */ = {isa = PBXBuildFile; fileRef = 716C5717217E2F3300003759 /* ControllerManager.swift */; };
		71867D7E2173D394003A00F8 /* ChannelCell.swift in Sources */ = {isa = PBXBuildFile; fileRef = 71867D7D2173D394003A00F8 /* ChannelCell.swift */; };
/* End PBXBuildFile section */

/* Begin PBXContainerItemProxy section */
		715B9908216E251E003BE5A5 /* PBXContainerItemProxy */ = {
			isa = PBXContainerItemProxy;
			containerPortal = 715B98EB216E251E003BE5A5 /* Project object */;
			proxyType = 1;
			remoteGlobalIDString = 715B98F2216E251E003BE5A5;
			remoteInfo = RED360;
		};
		715B9913216E251E003BE5A5 /* PBXContainerItemProxy */ = {
			isa = PBXContainerItemProxy;
			containerPortal = 715B98EB216E251E003BE5A5 /* Project object */;
			proxyType = 1;
			remoteGlobalIDString = 715B98F2216E251E003BE5A5;
			remoteInfo = RED360;
		};
/* End PBXContainerItemProxy section */

/* Begin PBXFileReference section */
		02F3A27B23FE2D22CF419008 /* Pods-RED360.release.xcconfig */ = {isa = PBXFileReference; includeInIndex = 1; lastKnownFileType = text.xcconfig; name = "Pods-RED360.release.xcconfig"; path = "Pods/Target Support Files/Pods-RED360/Pods-RED360.release.xcconfig"; sourceTree = "<group>"; };
		195A9F1D900B70DCCE85926E /* Pods-RED360Tests.debug.xcconfig */ = {isa = PBXFileReference; includeInIndex = 1; lastKnownFileType = text.xcconfig; name = "Pods-RED360Tests.debug.xcconfig"; path = "Pods/Target Support Files/Pods-RED360Tests/Pods-RED360Tests.debug.xcconfig"; sourceTree = "<group>"; };
		2A7F390B842C377F1B7EF5B2 /* Pods-RED360UITests.release.xcconfig */ = {isa = PBXFileReference; includeInIndex = 1; lastKnownFileType = text.xcconfig; name = "Pods-RED360UITests.release.xcconfig"; path = "Pods/Target Support Files/Pods-RED360UITests/Pods-RED360UITests.release.xcconfig"; sourceTree = "<group>"; };
		33EC9FE4D993D439C123C5A3 /* Pods-RED360.debug.xcconfig */ = {isa = PBXFileReference; includeInIndex = 1; lastKnownFileType = text.xcconfig; name = "Pods-RED360.debug.xcconfig"; path = "Pods/Target Support Files/Pods-RED360/Pods-RED360.debug.xcconfig"; sourceTree = "<group>"; };
		4057D3D2CFC156F1CB8E5560 /* Pods-RED360UITests.debug.xcconfig */ = {isa = PBXFileReference; includeInIndex = 1; lastKnownFileType = text.xcconfig; name = "Pods-RED360UITests.debug.xcconfig"; path = "Pods/Target Support Files/Pods-RED360UITests/Pods-RED360UITests.debug.xcconfig"; sourceTree = "<group>"; };
		66F734AB938BAFCB4A4C1ACB /* Pods_RED360.framework */ = {isa = PBXFileReference; explicitFileType = wrapper.framework; includeInIndex = 0; path = Pods_RED360.framework; sourceTree = BUILT_PRODUCTS_DIR; };
		7107E8282173E50F006EFF1E /* CombinatedChartCell.swift */ = {isa = PBXFileReference; lastKnownFileType = sourcecode.swift; path = CombinatedChartCell.swift; sourceTree = "<group>"; };
		7107E82B2173F651006EFF1E /* ChartValueFormatter.swift */ = {isa = PBXFileReference; fileEncoding = 4; lastKnownFileType = sourcecode.swift; path = ChartValueFormatter.swift; sourceTree = "<group>"; };
		7107E82D2173FC81006EFF1E /* OrderCell.swift */ = {isa = PBXFileReference; lastKnownFileType = sourcecode.swift; path = OrderCell.swift; sourceTree = "<group>"; };
		7158DC24216E3D4F0083B844 /* MenuViewController.swift */ = {isa = PBXFileReference; lastKnownFileType = sourcecode.swift; path = MenuViewController.swift; sourceTree = "<group>"; };
		7158DC29216E623B0083B844 /* LoginViewController.swift */ = {isa = PBXFileReference; lastKnownFileType = sourcecode.swift; path = LoginViewController.swift; sourceTree = "<group>"; };
		7158DC2B216E626A0083B844 /* SlideViewController.swift */ = {isa = PBXFileReference; lastKnownFileType = sourcecode.swift; path = SlideViewController.swift; sourceTree = "<group>"; };
		7158DC2D216E6D050083B844 /* SearchViewController.swift */ = {isa = PBXFileReference; lastKnownFileType = sourcecode.swift; path = SearchViewController.swift; sourceTree = "<group>"; };
		7158DC30216E84C80083B844 /* RankedCell.swift */ = {isa = PBXFileReference; lastKnownFileType = sourcecode.swift; path = RankedCell.swift; sourceTree = "<group>"; };
		7158DC32216E84FE0083B844 /* ChartCell.swift */ = {isa = PBXFileReference; lastKnownFileType = sourcecode.swift; path = ChartCell.swift; sourceTree = "<group>"; };
		715B98F3216E251E003BE5A5 /* RED360.app */ = {isa = PBXFileReference; explicitFileType = wrapper.application; includeInIndex = 0; path = RED360.app; sourceTree = BUILT_PRODUCTS_DIR; };
		715B98F6216E251E003BE5A5 /* AppDelegate.swift */ = {isa = PBXFileReference; lastKnownFileType = sourcecode.swift; path = AppDelegate.swift; sourceTree = "<group>"; };
		715B98F8216E251E003BE5A5 /* DashboardViewController.swift */ = {isa = PBXFileReference; lastKnownFileType = sourcecode.swift; path = DashboardViewController.swift; sourceTree = "<group>"; };
		715B98FB216E251E003BE5A5 /* Base */ = {isa = PBXFileReference; lastKnownFileType = file.storyboard; name = Base; path = Base.lproj/Main.storyboard; sourceTree = "<group>"; };
		715B98FD216E251E003BE5A5 /* Assets.xcassets */ = {isa = PBXFileReference; lastKnownFileType = folder.assetcatalog; path = Assets.xcassets; sourceTree = "<group>"; };
		715B9900216E251E003BE5A5 /* Base */ = {isa = PBXFileReference; lastKnownFileType = file.storyboard; name = Base; path = Base.lproj/LaunchScreen.storyboard; sourceTree = "<group>"; };
		715B9902216E251E003BE5A5 /* Info.plist */ = {isa = PBXFileReference; lastKnownFileType = text.plist.xml; path = Info.plist; sourceTree = "<group>"; };
		715B9907216E251E003BE5A5 /* RED360Tests.xctest */ = {isa = PBXFileReference; explicitFileType = wrapper.cfbundle; includeInIndex = 0; path = RED360Tests.xctest; sourceTree = BUILT_PRODUCTS_DIR; };
		715B990B216E251E003BE5A5 /* RED360Tests.swift */ = {isa = PBXFileReference; lastKnownFileType = sourcecode.swift; path = RED360Tests.swift; sourceTree = "<group>"; };
		715B990D216E251E003BE5A5 /* Info.plist */ = {isa = PBXFileReference; lastKnownFileType = text.plist.xml; path = Info.plist; sourceTree = "<group>"; };
		715B9912216E251E003BE5A5 /* RED360UITests.xctest */ = {isa = PBXFileReference; explicitFileType = wrapper.cfbundle; includeInIndex = 0; path = RED360UITests.xctest; sourceTree = BUILT_PRODUCTS_DIR; };
		715B9916216E251E003BE5A5 /* RED360UITests.swift */ = {isa = PBXFileReference; lastKnownFileType = sourcecode.swift; path = RED360UITests.swift; sourceTree = "<group>"; };
		715B9918216E251E003BE5A5 /* Info.plist */ = {isa = PBXFileReference; lastKnownFileType = text.plist.xml; path = Info.plist; sourceTree = "<group>"; };
		716C56EC217E061700003759 /* GoogleService-Info.plist */ = {isa = PBXFileReference; fileEncoding = 4; lastKnownFileType = text.plist.xml; name = "GoogleService-Info.plist"; path = "../../GoogleService-Info.plist"; sourceTree = "<group>"; };
		716C56EE217E070F00003759 /* VLoading.xib */ = {isa = PBXFileReference; fileEncoding = 4; lastKnownFileType = file.xib; path = VLoading.xib; sourceTree = "<group>"; };
		716C56EF217E071000003759 /* VLoading.swift */ = {isa = PBXFileReference; fileEncoding = 4; lastKnownFileType = sourcecode.swift; path = VLoading.swift; sourceTree = "<group>"; };
		716C56F3217E1A8B00003759 /* Rest.swift */ = {isa = PBXFileReference; lastKnownFileType = sourcecode.swift; path = Rest.swift; sourceTree = "<group>"; };
		716C56F5217E1B6A00003759 /* NotaPilarModel.swift */ = {isa = PBXFileReference; fileEncoding = 4; lastKnownFileType = sourcecode.swift; path = NotaPilarModel.swift; sourceTree = "<group>"; };
		716C56F7217E1BA700003759 /* AccessDeniedModel.swift */ = {isa = PBXFileReference; lastKnownFileType = sourcecode.swift; path = AccessDeniedModel.swift; sourceTree = "<group>"; };
		716C56F9217E1F1400003759 /* UserModel.swift */ = {isa = PBXFileReference; lastKnownFileType = sourcecode.swift; path = UserModel.swift; sourceTree = "<group>"; };
		716C56FD217E205F00003759 /* UserManager.swift */ = {isa = PBXFileReference; lastKnownFileType = sourcecode.swift; path = UserManager.swift; sourceTree = "<group>"; };
		716C56FF217E212900003759 /* FirebaseManager.swift */ = {isa = PBXFileReference; lastKnownFileType = sourcecode.swift; path = FirebaseManager.swift; sourceTree = "<group>"; };
		716C5709217E21DD00003759 /* Authenticable.swift */ = {isa = PBXFileReference; fileEncoding = 4; lastKnownFileType = sourcecode.swift; path = Authenticable.swift; sourceTree = "<group>"; };
		716C5713217E2ACA00003759 /* FirebaseAuthenticable.swift */ = {isa = PBXFileReference; lastKnownFileType = sourcecode.swift; path = FirebaseAuthenticable.swift; sourceTree = "<group>"; };
		716C5715217E2EF300003759 /* UserDefaultsKey.swift */ = {isa = PBXFileReference; lastKnownFileType = sourcecode.swift; path = UserDefaultsKey.swift; sourceTree = "<group>"; };
		716C5717217E2F3300003759 /* ControllerManager.swift */ = {isa = PBXFileReference; fileEncoding = 4; lastKnownFileType = sourcecode.swift; path = ControllerManager.swift; sourceTree = "<group>"; };
		71867D7D2173D394003A00F8 /* ChannelCell.swift */ = {isa = PBXFileReference; lastKnownFileType = sourcecode.swift; path = ChannelCell.swift; sourceTree = "<group>"; };
		84A56D90A65C876D3AB59338 /* Pods-RED360Tests.release.xcconfig */ = {isa = PBXFileReference; includeInIndex = 1; lastKnownFileType = text.xcconfig; name = "Pods-RED360Tests.release.xcconfig"; path = "Pods/Target Support Files/Pods-RED360Tests/Pods-RED360Tests.release.xcconfig"; sourceTree = "<group>"; };
		8EDD9F5460D6D07CD97BBD5B /* Pods_RED360Tests.framework */ = {isa = PBXFileReference; explicitFileType = wrapper.framework; includeInIndex = 0; path = Pods_RED360Tests.framework; sourceTree = BUILT_PRODUCTS_DIR; };
		B0F69EEE99B86DC20C0E1BBB /* Pods_RED360UITests.framework */ = {isa = PBXFileReference; explicitFileType = wrapper.framework; includeInIndex = 0; path = Pods_RED360UITests.framework; sourceTree = BUILT_PRODUCTS_DIR; };
/* End PBXFileReference section */

/* Begin PBXFrameworksBuildPhase section */
		715B98F0216E251E003BE5A5 /* Frameworks */ = {
			isa = PBXFrameworksBuildPhase;
			buildActionMask = 2147483647;
			files = (
				03263653CB406F3BDE6356C4 /* Pods_RED360.framework in Frameworks */,
			);
			runOnlyForDeploymentPostprocessing = 0;
		};
		715B9904216E251E003BE5A5 /* Frameworks */ = {
			isa = PBXFrameworksBuildPhase;
			buildActionMask = 2147483647;
			files = (
				10909EC8A8090579611F5E8E /* Pods_RED360Tests.framework in Frameworks */,
			);
			runOnlyForDeploymentPostprocessing = 0;
		};
		715B990F216E251E003BE5A5 /* Frameworks */ = {
			isa = PBXFrameworksBuildPhase;
			buildActionMask = 2147483647;
			files = (
				1A72301962F33744AC432B2F /* Pods_RED360UITests.framework in Frameworks */,
			);
			runOnlyForDeploymentPostprocessing = 0;
		};
/* End PBXFrameworksBuildPhase section */

/* Begin PBXGroup section */
		447B2A217DFD95901131FB8D /* Frameworks */ = {
			isa = PBXGroup;
			children = (
				66F734AB938BAFCB4A4C1ACB /* Pods_RED360.framework */,
				8EDD9F5460D6D07CD97BBD5B /* Pods_RED360Tests.framework */,
				B0F69EEE99B86DC20C0E1BBB /* Pods_RED360UITests.framework */,
			);
			name = Frameworks;
			sourceTree = "<group>";
		};
		7107E82A2173F633006EFF1E /* Manager */ = {
			isa = PBXGroup;
			children = (
				7107E82B2173F651006EFF1E /* ChartValueFormatter.swift */,
				716C56FD217E205F00003759 /* UserManager.swift */,
				716C56FF217E212900003759 /* FirebaseManager.swift */,
				716C5717217E2F3300003759 /* ControllerManager.swift */,
				716C5715217E2EF300003759 /* UserDefaultsKey.swift */,
			);
			path = Manager;
			sourceTree = "<group>";
		};
		7158DC26216E61FB0083B844 /* View */ = {
			isa = PBXGroup;
			children = (
				716C56EF217E071000003759 /* VLoading.swift */,
				716C56EE217E070F00003759 /* VLoading.xib */,
				7158DC2F216E84AA0083B844 /* Cells */,
				716C56F2217E075500003759 /* Storyboards */,
			);
			path = View;
			sourceTree = "<group>";
		};
		7158DC27216E62090083B844 /* Controller */ = {
			isa = PBXGroup;
			children = (
				7158DC24216E3D4F0083B844 /* MenuViewController.swift */,
				7158DC2B216E626A0083B844 /* SlideViewController.swift */,
				7158DC29216E623B0083B844 /* LoginViewController.swift */,
				715B98F8216E251E003BE5A5 /* DashboardViewController.swift */,
				7158DC2D216E6D050083B844 /* SearchViewController.swift */,
			);
			path = Controller;
			sourceTree = "<group>";
		};
		7158DC28216E621F0083B844 /* Model */ = {
			isa = PBXGroup;
			children = (
				716C56F3217E1A8B00003759 /* Rest.swift */,
				716C56F7217E1BA700003759 /* AccessDeniedModel.swift */,
				716C56F5217E1B6A00003759 /* NotaPilarModel.swift */,
				716C56F9217E1F1400003759 /* UserModel.swift */,
				716C5703217E21C500003759 /* Protocols */,
			);
			path = Model;
			sourceTree = "<group>";
		};
		7158DC2F216E84AA0083B844 /* Cells */ = {
			isa = PBXGroup;
			children = (
				7158DC30216E84C80083B844 /* RankedCell.swift */,
				7158DC32216E84FE0083B844 /* ChartCell.swift */,
				71867D7D2173D394003A00F8 /* ChannelCell.swift */,
				7107E8282173E50F006EFF1E /* CombinatedChartCell.swift */,
				7107E82D2173FC81006EFF1E /* OrderCell.swift */,
			);
			name = Cells;
			sourceTree = "<group>";
		};
		715B98EA216E251E003BE5A5 = {
			isa = PBXGroup;
			children = (
				715B98F5216E251E003BE5A5 /* RED360 */,
				715B990A216E251E003BE5A5 /* RED360Tests */,
				715B9915216E251E003BE5A5 /* RED360UITests */,
				715B98F4216E251E003BE5A5 /* Products */,
				83C624CE7F1FA8AA180B3A4C /* Pods */,
				447B2A217DFD95901131FB8D /* Frameworks */,
			);
			sourceTree = "<group>";
		};
		715B98F4216E251E003BE5A5 /* Products */ = {
			isa = PBXGroup;
			children = (
				715B98F3216E251E003BE5A5 /* RED360.app */,
				715B9907216E251E003BE5A5 /* RED360Tests.xctest */,
				715B9912216E251E003BE5A5 /* RED360UITests.xctest */,
			);
			name = Products;
			sourceTree = "<group>";
		};
		715B98F5216E251E003BE5A5 /* RED360 */ = {
			isa = PBXGroup;
			children = (
				715B98F6216E251E003BE5A5 /* AppDelegate.swift */,
				7107E82A2173F633006EFF1E /* Manager */,
				7158DC28216E621F0083B844 /* Model */,
				7158DC26216E61FB0083B844 /* View */,
				7158DC27216E62090083B844 /* Controller */,
				715B98FD216E251E003BE5A5 /* Assets.xcassets */,
				716C56EC217E061700003759 /* GoogleService-Info.plist */,
				715B9902216E251E003BE5A5 /* Info.plist */,
			);
			path = RED360;
			sourceTree = "<group>";
		};
		715B990A216E251E003BE5A5 /* RED360Tests */ = {
			isa = PBXGroup;
			children = (
				715B990B216E251E003BE5A5 /* RED360Tests.swift */,
				715B990D216E251E003BE5A5 /* Info.plist */,
			);
			path = RED360Tests;
			sourceTree = "<group>";
		};
		715B9915216E251E003BE5A5 /* RED360UITests */ = {
			isa = PBXGroup;
			children = (
				715B9916216E251E003BE5A5 /* RED360UITests.swift */,
				715B9918216E251E003BE5A5 /* Info.plist */,
			);
			path = RED360UITests;
			sourceTree = "<group>";
		};
		716C56F2217E075500003759 /* Storyboards */ = {
			isa = PBXGroup;
			children = (
				715B98FA216E251E003BE5A5 /* Main.storyboard */,
				715B98FF216E251E003BE5A5 /* LaunchScreen.storyboard */,
			);
			name = Storyboards;
			sourceTree = "<group>";
		};
		716C5703217E21C500003759 /* Protocols */ = {
			isa = PBXGroup;
			children = (
				716C5704217E21CF00003759 /* Auth */,
			);
			path = Protocols;
			sourceTree = "<group>";
		};
		716C5704217E21CF00003759 /* Auth */ = {
			isa = PBXGroup;
			children = (
				716C5709217E21DD00003759 /* Authenticable.swift */,
				716C5713217E2ACA00003759 /* FirebaseAuthenticable.swift */,
			);
			path = Auth;
			sourceTree = "<group>";
		};
		83C624CE7F1FA8AA180B3A4C /* Pods */ = {
			isa = PBXGroup;
			children = (
				33EC9FE4D993D439C123C5A3 /* Pods-RED360.debug.xcconfig */,
				02F3A27B23FE2D22CF419008 /* Pods-RED360.release.xcconfig */,
				195A9F1D900B70DCCE85926E /* Pods-RED360Tests.debug.xcconfig */,
				84A56D90A65C876D3AB59338 /* Pods-RED360Tests.release.xcconfig */,
				4057D3D2CFC156F1CB8E5560 /* Pods-RED360UITests.debug.xcconfig */,
				2A7F390B842C377F1B7EF5B2 /* Pods-RED360UITests.release.xcconfig */,
			);
			name = Pods;
			sourceTree = "<group>";
		};
/* End PBXGroup section */

/* Begin PBXNativeTarget section */
		715B98F2216E251E003BE5A5 /* RED360 */ = {
			isa = PBXNativeTarget;
			buildConfigurationList = 715B991B216E251E003BE5A5 /* Build configuration list for PBXNativeTarget "RED360" */;
			buildPhases = (
				F6452DD0A4C2D5D219179F58 /* [CP] Check Pods Manifest.lock */,
				715B98EF216E251E003BE5A5 /* Sources */,
				715B98F0216E251E003BE5A5 /* Frameworks */,
				715B98F1216E251E003BE5A5 /* Resources */,
				A5B8522908A28B7EE72DB13C /* [CP] Embed Pods Frameworks */,
			);
			buildRules = (
			);
			dependencies = (
			);
			name = RED360;
			productName = RED360;
			productReference = 715B98F3216E251E003BE5A5 /* RED360.app */;
			productType = "com.apple.product-type.application";
		};
		715B9906216E251E003BE5A5 /* RED360Tests */ = {
			isa = PBXNativeTarget;
			buildConfigurationList = 715B991E216E251E003BE5A5 /* Build configuration list for PBXNativeTarget "RED360Tests" */;
			buildPhases = (
				A66F81E128223B9FEF0E3ED4 /* [CP] Check Pods Manifest.lock */,
				715B9903216E251E003BE5A5 /* Sources */,
				715B9904216E251E003BE5A5 /* Frameworks */,
				715B9905216E251E003BE5A5 /* Resources */,
			);
			buildRules = (
			);
			dependencies = (
				715B9909216E251E003BE5A5 /* PBXTargetDependency */,
			);
			name = RED360Tests;
			productName = RED360Tests;
			productReference = 715B9907216E251E003BE5A5 /* RED360Tests.xctest */;
			productType = "com.apple.product-type.bundle.unit-test";
		};
		715B9911216E251E003BE5A5 /* RED360UITests */ = {
			isa = PBXNativeTarget;
			buildConfigurationList = 715B9921216E251E003BE5A5 /* Build configuration list for PBXNativeTarget "RED360UITests" */;
			buildPhases = (
				4837FE030B2FF5C214C39279 /* [CP] Check Pods Manifest.lock */,
				715B990E216E251E003BE5A5 /* Sources */,
				715B990F216E251E003BE5A5 /* Frameworks */,
				715B9910216E251E003BE5A5 /* Resources */,
			);
			buildRules = (
			);
			dependencies = (
				715B9914216E251E003BE5A5 /* PBXTargetDependency */,
			);
			name = RED360UITests;
			productName = RED360UITests;
			productReference = 715B9912216E251E003BE5A5 /* RED360UITests.xctest */;
			productType = "com.apple.product-type.bundle.ui-testing";
		};
/* End PBXNativeTarget section */

/* Begin PBXProject section */
		715B98EB216E251E003BE5A5 /* Project object */ = {
			isa = PBXProject;
			attributes = {
				LastSwiftUpdateCheck = 0900;
				LastUpgradeCheck = 0900;
				ORGANIZATIONNAME = com.dimensiva.tecnologia.red360.app;
				TargetAttributes = {
					715B98F2216E251E003BE5A5 = {
						CreatedOnToolsVersion = 9.0.1;
						ProvisioningStyle = Automatic;
					};
					715B9906216E251E003BE5A5 = {
						CreatedOnToolsVersion = 9.0.1;
						ProvisioningStyle = Automatic;
						TestTargetID = 715B98F2216E251E003BE5A5;
					};
					715B9911216E251E003BE5A5 = {
						CreatedOnToolsVersion = 9.0.1;
						ProvisioningStyle = Automatic;
						TestTargetID = 715B98F2216E251E003BE5A5;
					};
				};
			};
			buildConfigurationList = 715B98EE216E251E003BE5A5 /* Build configuration list for PBXProject "RED360" */;
			compatibilityVersion = "Xcode 8.0";
			developmentRegion = en;
			hasScannedForEncodings = 0;
			knownRegions = (
				en,
				Base,
			);
			mainGroup = 715B98EA216E251E003BE5A5;
			productRefGroup = 715B98F4216E251E003BE5A5 /* Products */;
			projectDirPath = "";
			projectRoot = "";
			targets = (
				715B98F2216E251E003BE5A5 /* RED360 */,
				715B9906216E251E003BE5A5 /* RED360Tests */,
				715B9911216E251E003BE5A5 /* RED360UITests */,
			);
		};
/* End PBXProject section */

/* Begin PBXResourcesBuildPhase section */
		715B98F1216E251E003BE5A5 /* Resources */ = {
			isa = PBXResourcesBuildPhase;
			buildActionMask = 2147483647;
			files = (
				715B9901216E251E003BE5A5 /* LaunchScreen.storyboard in Resources */,
				716C56ED217E061700003759 /* GoogleService-Info.plist in Resources */,
				716C56F0217E071000003759 /* VLoading.xib in Resources */,
				715B98FE216E251E003BE5A5 /* Assets.xcassets in Resources */,
				715B98FC216E251E003BE5A5 /* Main.storyboard in Resources */,
			);
			runOnlyForDeploymentPostprocessing = 0;
		};
		715B9905216E251E003BE5A5 /* Resources */ = {
			isa = PBXResourcesBuildPhase;
			buildActionMask = 2147483647;
			files = (
			);
			runOnlyForDeploymentPostprocessing = 0;
		};
		715B9910216E251E003BE5A5 /* Resources */ = {
			isa = PBXResourcesBuildPhase;
			buildActionMask = 2147483647;
			files = (
			);
			runOnlyForDeploymentPostprocessing = 0;
		};
/* End PBXResourcesBuildPhase section */

/* Begin PBXShellScriptBuildPhase section */
		4837FE030B2FF5C214C39279 /* [CP] Check Pods Manifest.lock */ = {
			isa = PBXShellScriptBuildPhase;
			buildActionMask = 2147483647;
			files = (
			);
			inputPaths = (
				"${PODS_PODFILE_DIR_PATH}/Podfile.lock",
				"${PODS_ROOT}/Manifest.lock",
			);
			name = "[CP] Check Pods Manifest.lock";
			outputPaths = (
				"$(DERIVED_FILE_DIR)/Pods-RED360UITests-checkManifestLockResult.txt",
			);
			runOnlyForDeploymentPostprocessing = 0;
			shellPath = /bin/sh;
			shellScript = "diff \"${PODS_PODFILE_DIR_PATH}/Podfile.lock\" \"${PODS_ROOT}/Manifest.lock\" > /dev/null\nif [ $? != 0 ] ; then\n    # print error to STDERR\n    echo \"error: The sandbox is not in sync with the Podfile.lock. Run 'pod install' or update your CocoaPods installation.\" >&2\n    exit 1\nfi\n# This output is used by Xcode 'outputs' to avoid re-running this script phase.\necho \"SUCCESS\" > \"${SCRIPT_OUTPUT_FILE_0}\"\n";
			showEnvVarsInLog = 0;
		};
		A5B8522908A28B7EE72DB13C /* [CP] Embed Pods Frameworks */ = {
			isa = PBXShellScriptBuildPhase;
			buildActionMask = 2147483647;
			files = (
			);
			inputPaths = (
				"${SRCROOT}/Pods/Target Support Files/Pods-RED360/Pods-RED360-frameworks.sh",
				"${BUILT_PRODUCTS_DIR}/AKMaskField/AKMaskField.framework",
				"${BUILT_PRODUCTS_DIR}/Alamofire/Alamofire.framework",
				"${BUILT_PRODUCTS_DIR}/BoringSSL/openssl.framework",
				"${BUILT_PRODUCTS_DIR}/Charts/Charts.framework",
				"${BUILT_PRODUCTS_DIR}/GTMSessionFetcher/GTMSessionFetcher.framework",
				"${BUILT_PRODUCTS_DIR}/GoogleUtilities/GoogleUtilities.framework",
				"${BUILT_PRODUCTS_DIR}/HandyJSON/HandyJSON.framework",
				"${BUILT_PRODUCTS_DIR}/PromiseKit/PromiseKit.framework",
				"${BUILT_PRODUCTS_DIR}/Protobuf/Protobuf.framework",
				"${BUILT_PRODUCTS_DIR}/SkyFloatingLabelTextField/SkyFloatingLabelTextField.framework",
				"${BUILT_PRODUCTS_DIR}/SlideMenuControllerSwift/SlideMenuControllerSwift.framework",
				"${BUILT_PRODUCTS_DIR}/SnapKit/SnapKit.framework",
				"${BUILT_PRODUCTS_DIR}/gRPC/GRPCClient.framework",
				"${BUILT_PRODUCTS_DIR}/gRPC-C++/grpcpp.framework",
				"${BUILT_PRODUCTS_DIR}/gRPC-Core/grpc.framework",
				"${BUILT_PRODUCTS_DIR}/gRPC-ProtoRPC/ProtoRPC.framework",
				"${BUILT_PRODUCTS_DIR}/gRPC-RxLibrary/RxLibrary.framework",
				"${BUILT_PRODUCTS_DIR}/leveldb-library/leveldb.framework",
				"${BUILT_PRODUCTS_DIR}/nanopb/nanopb.framework",
			);
			name = "[CP] Embed Pods Frameworks";
			outputPaths = (
				"${TARGET_BUILD_DIR}/${FRAMEWORKS_FOLDER_PATH}/AKMaskField.framework",
				"${TARGET_BUILD_DIR}/${FRAMEWORKS_FOLDER_PATH}/Alamofire.framework",
				"${TARGET_BUILD_DIR}/${FRAMEWORKS_FOLDER_PATH}/openssl.framework",
				"${TARGET_BUILD_DIR}/${FRAMEWORKS_FOLDER_PATH}/Charts.framework",
				"${TARGET_BUILD_DIR}/${FRAMEWORKS_FOLDER_PATH}/GTMSessionFetcher.framework",
				"${TARGET_BUILD_DIR}/${FRAMEWORKS_FOLDER_PATH}/GoogleUtilities.framework",
				"${TARGET_BUILD_DIR}/${FRAMEWORKS_FOLDER_PATH}/HandyJSON.framework",
				"${TARGET_BUILD_DIR}/${FRAMEWORKS_FOLDER_PATH}/PromiseKit.framework",
				"${TARGET_BUILD_DIR}/${FRAMEWORKS_FOLDER_PATH}/Protobuf.framework",
				"${TARGET_BUILD_DIR}/${FRAMEWORKS_FOLDER_PATH}/SkyFloatingLabelTextField.framework",
				"${TARGET_BUILD_DIR}/${FRAMEWORKS_FOLDER_PATH}/SlideMenuControllerSwift.framework",
				"${TARGET_BUILD_DIR}/${FRAMEWORKS_FOLDER_PATH}/SnapKit.framework",
				"${TARGET_BUILD_DIR}/${FRAMEWORKS_FOLDER_PATH}/GRPCClient.framework",
				"${TARGET_BUILD_DIR}/${FRAMEWORKS_FOLDER_PATH}/grpcpp.framework",
				"${TARGET_BUILD_DIR}/${FRAMEWORKS_FOLDER_PATH}/grpc.framework",
				"${TARGET_BUILD_DIR}/${FRAMEWORKS_FOLDER_PATH}/ProtoRPC.framework",
				"${TARGET_BUILD_DIR}/${FRAMEWORKS_FOLDER_PATH}/RxLibrary.framework",
				"${TARGET_BUILD_DIR}/${FRAMEWORKS_FOLDER_PATH}/leveldb.framework",
				"${TARGET_BUILD_DIR}/${FRAMEWORKS_FOLDER_PATH}/nanopb.framework",
			);
			runOnlyForDeploymentPostprocessing = 0;
			shellPath = /bin/sh;
			shellScript = "\"${SRCROOT}/Pods/Target Support Files/Pods-RED360/Pods-RED360-frameworks.sh\"\n";
			showEnvVarsInLog = 0;
		};
		A66F81E128223B9FEF0E3ED4 /* [CP] Check Pods Manifest.lock */ = {
			isa = PBXShellScriptBuildPhase;
			buildActionMask = 2147483647;
			files = (
			);
			inputPaths = (
				"${PODS_PODFILE_DIR_PATH}/Podfile.lock",
				"${PODS_ROOT}/Manifest.lock",
			);
			name = "[CP] Check Pods Manifest.lock";
			outputPaths = (
				"$(DERIVED_FILE_DIR)/Pods-RED360Tests-checkManifestLockResult.txt",
			);
			runOnlyForDeploymentPostprocessing = 0;
			shellPath = /bin/sh;
			shellScript = "diff \"${PODS_PODFILE_DIR_PATH}/Podfile.lock\" \"${PODS_ROOT}/Manifest.lock\" > /dev/null\nif [ $? != 0 ] ; then\n    # print error to STDERR\n    echo \"error: The sandbox is not in sync with the Podfile.lock. Run 'pod install' or update your CocoaPods installation.\" >&2\n    exit 1\nfi\n# This output is used by Xcode 'outputs' to avoid re-running this script phase.\necho \"SUCCESS\" > \"${SCRIPT_OUTPUT_FILE_0}\"\n";
			showEnvVarsInLog = 0;
		};
		F6452DD0A4C2D5D219179F58 /* [CP] Check Pods Manifest.lock */ = {
			isa = PBXShellScriptBuildPhase;
			buildActionMask = 2147483647;
			files = (
			);
			inputPaths = (
				"${PODS_PODFILE_DIR_PATH}/Podfile.lock",
				"${PODS_ROOT}/Manifest.lock",
			);
			name = "[CP] Check Pods Manifest.lock";
			outputPaths = (
				"$(DERIVED_FILE_DIR)/Pods-RED360-checkManifestLockResult.txt",
			);
			runOnlyForDeploymentPostprocessing = 0;
			shellPath = /bin/sh;
			shellScript = "diff \"${PODS_PODFILE_DIR_PATH}/Podfile.lock\" \"${PODS_ROOT}/Manifest.lock\" > /dev/null\nif [ $? != 0 ] ; then\n    # print error to STDERR\n    echo \"error: The sandbox is not in sync with the Podfile.lock. Run 'pod install' or update your CocoaPods installation.\" >&2\n    exit 1\nfi\n# This output is used by Xcode 'outputs' to avoid re-running this script phase.\necho \"SUCCESS\" > \"${SCRIPT_OUTPUT_FILE_0}\"\n";
			showEnvVarsInLog = 0;
		};
/* End PBXShellScriptBuildPhase section */

/* Begin PBXSourcesBuildPhase section */
		715B98EF216E251E003BE5A5 /* Sources */ = {
			isa = PBXSourcesBuildPhase;
			buildActionMask = 2147483647;
			files = (
				716C5714217E2ACA00003759 /* FirebaseAuthenticable.swift in Sources */,
				7158DC2E216E6D050083B844 /* SearchViewController.swift in Sources */,
				71867D7E2173D394003A00F8 /* ChannelCell.swift in Sources */,
				7158DC2A216E623B0083B844 /* LoginViewController.swift in Sources */,
				7158DC2C216E626A0083B844 /* SlideViewController.swift in Sources */,
				715B98F9216E251E003BE5A5 /* DashboardViewController.swift in Sources */,
				7158DC33216E84FE0083B844 /* ChartCell.swift in Sources */,
				716C56F1217E071000003759 /* VLoading.swift in Sources */,
				716C5700217E212900003759 /* FirebaseManager.swift in Sources */,
				7158DC25216E3D4F0083B844 /* MenuViewController.swift in Sources */,
				716C5716217E2EF300003759 /* UserDefaultsKey.swift in Sources */,
				7158DC31216E84C80083B844 /* RankedCell.swift in Sources */,
				716C56F6217E1B6A00003759 /* NotaPilarModel.swift in Sources */,
				7107E8292173E50F006EFF1E /* CombinatedChartCell.swift in Sources */,
				7107E82C2173F651006EFF1E /* ChartValueFormatter.swift in Sources */,
				716C56F4217E1A8B00003759 /* Rest.swift in Sources */,
				7107E82E2173FC81006EFF1E /* OrderCell.swift in Sources */,
				716C5710217E21DF00003759 /* Authenticable.swift in Sources */,
				715B98F7216E251E003BE5A5 /* AppDelegate.swift in Sources */,
				716C5718217E2F3400003759 /* ControllerManager.swift in Sources */,
				716C56FA217E1F1400003759 /* UserModel.swift in Sources */,
				716C56FE217E205F00003759 /* UserManager.swift in Sources */,
				716C56F8217E1BA700003759 /* AccessDeniedModel.swift in Sources */,
			);
			runOnlyForDeploymentPostprocessing = 0;
		};
		715B9903216E251E003BE5A5 /* Sources */ = {
			isa = PBXSourcesBuildPhase;
			buildActionMask = 2147483647;
			files = (
				715B990C216E251E003BE5A5 /* RED360Tests.swift in Sources */,
			);
			runOnlyForDeploymentPostprocessing = 0;
		};
		715B990E216E251E003BE5A5 /* Sources */ = {
			isa = PBXSourcesBuildPhase;
			buildActionMask = 2147483647;
			files = (
				715B9917216E251E003BE5A5 /* RED360UITests.swift in Sources */,
			);
			runOnlyForDeploymentPostprocessing = 0;
		};
/* End PBXSourcesBuildPhase section */

/* Begin PBXTargetDependency section */
		715B9909216E251E003BE5A5 /* PBXTargetDependency */ = {
			isa = PBXTargetDependency;
			target = 715B98F2216E251E003BE5A5 /* RED360 */;
			targetProxy = 715B9908216E251E003BE5A5 /* PBXContainerItemProxy */;
		};
		715B9914216E251E003BE5A5 /* PBXTargetDependency */ = {
			isa = PBXTargetDependency;
			target = 715B98F2216E251E003BE5A5 /* RED360 */;
			targetProxy = 715B9913216E251E003BE5A5 /* PBXContainerItemProxy */;
		};
/* End PBXTargetDependency section */

/* Begin PBXVariantGroup section */
		715B98FA216E251E003BE5A5 /* Main.storyboard */ = {
			isa = PBXVariantGroup;
			children = (
				715B98FB216E251E003BE5A5 /* Base */,
			);
			name = Main.storyboard;
			sourceTree = "<group>";
		};
		715B98FF216E251E003BE5A5 /* LaunchScreen.storyboard */ = {
			isa = PBXVariantGroup;
			children = (
				715B9900216E251E003BE5A5 /* Base */,
			);
			name = LaunchScreen.storyboard;
			sourceTree = "<group>";
		};
/* End PBXVariantGroup section */

/* Begin XCBuildConfiguration section */
		715B9919216E251E003BE5A5 /* Debug */ = {
			isa = XCBuildConfiguration;
			buildSettings = {
				ALWAYS_SEARCH_USER_PATHS = NO;
				CLANG_ANALYZER_NONNULL = YES;
				CLANG_ANALYZER_NUMBER_OBJECT_CONVERSION = YES_AGGRESSIVE;
				CLANG_CXX_LANGUAGE_STANDARD = "gnu++14";
				CLANG_CXX_LIBRARY = "libc++";
				CLANG_ENABLE_MODULES = YES;
				CLANG_ENABLE_OBJC_ARC = YES;
				CLANG_WARN_BLOCK_CAPTURE_AUTORELEASING = YES;
				CLANG_WARN_BOOL_CONVERSION = YES;
				CLANG_WARN_COMMA = YES;
				CLANG_WARN_CONSTANT_CONVERSION = YES;
				CLANG_WARN_DIRECT_OBJC_ISA_USAGE = YES_ERROR;
				CLANG_WARN_DOCUMENTATION_COMMENTS = YES;
				CLANG_WARN_EMPTY_BODY = YES;
				CLANG_WARN_ENUM_CONVERSION = YES;
				CLANG_WARN_INFINITE_RECURSION = YES;
				CLANG_WARN_INT_CONVERSION = YES;
				CLANG_WARN_NON_LITERAL_NULL_CONVERSION = YES;
				CLANG_WARN_OBJC_LITERAL_CONVERSION = YES;
				CLANG_WARN_OBJC_ROOT_CLASS = YES_ERROR;
				CLANG_WARN_RANGE_LOOP_ANALYSIS = YES;
				CLANG_WARN_STRICT_PROTOTYPES = YES;
				CLANG_WARN_SUSPICIOUS_MOVE = YES;
				CLANG_WARN_UNGUARDED_AVAILABILITY = YES_AGGRESSIVE;
				CLANG_WARN_UNREACHABLE_CODE = YES;
				CLANG_WARN__DUPLICATE_METHOD_MATCH = YES;
				CODE_SIGN_IDENTITY = "iPhone Developer";
				COPY_PHASE_STRIP = NO;
				DEBUG_INFORMATION_FORMAT = dwarf;
				ENABLE_STRICT_OBJC_MSGSEND = YES;
				ENABLE_TESTABILITY = YES;
				GCC_C_LANGUAGE_STANDARD = gnu11;
				GCC_DYNAMIC_NO_PIC = NO;
				GCC_NO_COMMON_BLOCKS = YES;
				GCC_OPTIMIZATION_LEVEL = 0;
				GCC_PREPROCESSOR_DEFINITIONS = (
					"DEBUG=1",
					"$(inherited)",
				);
				GCC_WARN_64_TO_32_BIT_CONVERSION = YES;
				GCC_WARN_ABOUT_RETURN_TYPE = YES_ERROR;
				GCC_WARN_UNDECLARED_SELECTOR = YES;
				GCC_WARN_UNINITIALIZED_AUTOS = YES_AGGRESSIVE;
				GCC_WARN_UNUSED_FUNCTION = YES;
				GCC_WARN_UNUSED_VARIABLE = YES;
				IPHONEOS_DEPLOYMENT_TARGET = 11.0;
				MTL_ENABLE_DEBUG_INFO = YES;
				ONLY_ACTIVE_ARCH = YES;
				SDKROOT = iphoneos;
				SWIFT_ACTIVE_COMPILATION_CONDITIONS = DEBUG;
				SWIFT_OPTIMIZATION_LEVEL = "-Onone";
			};
			name = Debug;
		};
		715B991A216E251E003BE5A5 /* Release */ = {
			isa = XCBuildConfiguration;
			buildSettings = {
				ALWAYS_SEARCH_USER_PATHS = NO;
				CLANG_ANALYZER_NONNULL = YES;
				CLANG_ANALYZER_NUMBER_OBJECT_CONVERSION = YES_AGGRESSIVE;
				CLANG_CXX_LANGUAGE_STANDARD = "gnu++14";
				CLANG_CXX_LIBRARY = "libc++";
				CLANG_ENABLE_MODULES = YES;
				CLANG_ENABLE_OBJC_ARC = YES;
				CLANG_WARN_BLOCK_CAPTURE_AUTORELEASING = YES;
				CLANG_WARN_BOOL_CONVERSION = YES;
				CLANG_WARN_COMMA = YES;
				CLANG_WARN_CONSTANT_CONVERSION = YES;
				CLANG_WARN_DIRECT_OBJC_ISA_USAGE = YES_ERROR;
				CLANG_WARN_DOCUMENTATION_COMMENTS = YES;
				CLANG_WARN_EMPTY_BODY = YES;
				CLANG_WARN_ENUM_CONVERSION = YES;
				CLANG_WARN_INFINITE_RECURSION = YES;
				CLANG_WARN_INT_CONVERSION = YES;
				CLANG_WARN_NON_LITERAL_NULL_CONVERSION = YES;
				CLANG_WARN_OBJC_LITERAL_CONVERSION = YES;
				CLANG_WARN_OBJC_ROOT_CLASS = YES_ERROR;
				CLANG_WARN_RANGE_LOOP_ANALYSIS = YES;
				CLANG_WARN_STRICT_PROTOTYPES = YES;
				CLANG_WARN_SUSPICIOUS_MOVE = YES;
				CLANG_WARN_UNGUARDED_AVAILABILITY = YES_AGGRESSIVE;
				CLANG_WARN_UNREACHABLE_CODE = YES;
				CLANG_WARN__DUPLICATE_METHOD_MATCH = YES;
				CODE_SIGN_IDENTITY = "iPhone Developer";
				COPY_PHASE_STRIP = NO;
				DEBUG_INFORMATION_FORMAT = "dwarf-with-dsym";
				ENABLE_NS_ASSERTIONS = NO;
				ENABLE_STRICT_OBJC_MSGSEND = YES;
				GCC_C_LANGUAGE_STANDARD = gnu11;
				GCC_NO_COMMON_BLOCKS = YES;
				GCC_WARN_64_TO_32_BIT_CONVERSION = YES;
				GCC_WARN_ABOUT_RETURN_TYPE = YES_ERROR;
				GCC_WARN_UNDECLARED_SELECTOR = YES;
				GCC_WARN_UNINITIALIZED_AUTOS = YES_AGGRESSIVE;
				GCC_WARN_UNUSED_FUNCTION = YES;
				GCC_WARN_UNUSED_VARIABLE = YES;
				IPHONEOS_DEPLOYMENT_TARGET = 11.0;
				MTL_ENABLE_DEBUG_INFO = NO;
				SDKROOT = iphoneos;
				SWIFT_OPTIMIZATION_LEVEL = "-Owholemodule";
				VALIDATE_PRODUCT = YES;
			};
			name = Release;
		};
		715B991C216E251E003BE5A5 /* Debug */ = {
			isa = XCBuildConfiguration;
			baseConfigurationReference = 33EC9FE4D993D439C123C5A3 /* Pods-RED360.debug.xcconfig */;
			buildSettings = {
				ASSETCATALOG_COMPILER_APPICON_NAME = AppIcon;
				CODE_SIGN_STYLE = Automatic;
				DEVELOPMENT_TEAM = PC5TYU3PVQ;
				INFOPLIST_FILE = RED360/Info.plist;
				IPHONEOS_DEPLOYMENT_TARGET = 11.0;
				LD_RUNPATH_SEARCH_PATHS = "$(inherited) @executable_path/Frameworks";
				PRODUCT_BUNDLE_IDENTIFIER = app.red360;
				PRODUCT_NAME = "$(TARGET_NAME)";
				SWIFT_VERSION = 4.0;
				TARGETED_DEVICE_FAMILY = 1;
			};
			name = Debug;
		};
		715B991D216E251E003BE5A5 /* Release */ = {
			isa = XCBuildConfiguration;
			baseConfigurationReference = 02F3A27B23FE2D22CF419008 /* Pods-RED360.release.xcconfig */;
			buildSettings = {
				ASSETCATALOG_COMPILER_APPICON_NAME = AppIcon;
				CODE_SIGN_STYLE = Automatic;
				DEVELOPMENT_TEAM = PC5TYU3PVQ;
				INFOPLIST_FILE = RED360/Info.plist;
				IPHONEOS_DEPLOYMENT_TARGET = 11.0;
				LD_RUNPATH_SEARCH_PATHS = "$(inherited) @executable_path/Frameworks";
				PRODUCT_BUNDLE_IDENTIFIER = app.red360;
				PRODUCT_NAME = "$(TARGET_NAME)";
				SWIFT_VERSION = 4.0;
				TARGETED_DEVICE_FAMILY = 1;
			};
			name = Release;
		};
		715B991F216E251E003BE5A5 /* Debug */ = {
			isa = XCBuildConfiguration;
			baseConfigurationReference = 195A9F1D900B70DCCE85926E /* Pods-RED360Tests.debug.xcconfig */;
			buildSettings = {
				ALWAYS_EMBED_SWIFT_STANDARD_LIBRARIES = YES;
				BUNDLE_LOADER = "$(TEST_HOST)";
				CODE_SIGN_STYLE = Automatic;
				DEVELOPMENT_TEAM = WN88JXG7EP;
				INFOPLIST_FILE = RED360Tests/Info.plist;
				LD_RUNPATH_SEARCH_PATHS = "$(inherited) @executable_path/Frameworks @loader_path/Frameworks";
				PRODUCT_BUNDLE_IDENTIFIER = com.dimensiva.tecnologia.RED360Tests;
				PRODUCT_NAME = "$(TARGET_NAME)";
				SWIFT_VERSION = 4.0;
				TARGETED_DEVICE_FAMILY = "1,2";
				TEST_HOST = "$(BUILT_PRODUCTS_DIR)/RED360.app/RED360";
			};
			name = Debug;
		};
		715B9920216E251E003BE5A5 /* Release */ = {
			isa = XCBuildConfiguration;
			baseConfigurationReference = 84A56D90A65C876D3AB59338 /* Pods-RED360Tests.release.xcconfig */;
			buildSettings = {
				ALWAYS_EMBED_SWIFT_STANDARD_LIBRARIES = YES;
				BUNDLE_LOADER = "$(TEST_HOST)";
				CODE_SIGN_STYLE = Automatic;
				DEVELOPMENT_TEAM = WN88JXG7EP;
				INFOPLIST_FILE = RED360Tests/Info.plist;
				LD_RUNPATH_SEARCH_PATHS = "$(inherited) @executable_path/Frameworks @loader_path/Frameworks";
				PRODUCT_BUNDLE_IDENTIFIER = com.dimensiva.tecnologia.RED360Tests;
				PRODUCT_NAME = "$(TARGET_NAME)";
				SWIFT_VERSION = 4.0;
				TARGETED_DEVICE_FAMILY = "1,2";
				TEST_HOST = "$(BUILT_PRODUCTS_DIR)/RED360.app/RED360";
			};
			name = Release;
		};
		715B9922216E251E003BE5A5 /* Debug */ = {
			isa = XCBuildConfiguration;
			baseConfigurationReference = 4057D3D2CFC156F1CB8E5560 /* Pods-RED360UITests.debug.xcconfig */;
			buildSettings = {
				ALWAYS_EMBED_SWIFT_STANDARD_LIBRARIES = YES;
				CODE_SIGN_STYLE = Automatic;
				DEVELOPMENT_TEAM = WN88JXG7EP;
				INFOPLIST_FILE = RED360UITests/Info.plist;
				LD_RUNPATH_SEARCH_PATHS = "$(inherited) @executable_path/Frameworks @loader_path/Frameworks";
				PRODUCT_BUNDLE_IDENTIFIER = com.dimensiva.tecnologia.RED360UITests;
				PRODUCT_NAME = "$(TARGET_NAME)";
				SWIFT_VERSION = 4.0;
				TARGETED_DEVICE_FAMILY = "1,2";
				TEST_TARGET_NAME = RED360;
			};
			name = Debug;
		};
		715B9923216E251E003BE5A5 /* Release */ = {
			isa = XCBuildConfiguration;
			baseConfigurationReference = 2A7F390B842C377F1B7EF5B2 /* Pods-RED360UITests.release.xcconfig */;
			buildSettings = {
				ALWAYS_EMBED_SWIFT_STANDARD_LIBRARIES = YES;
				CODE_SIGN_STYLE = Automatic;
				DEVELOPMENT_TEAM = WN88JXG7EP;
				INFOPLIST_FILE = RED360UITests/Info.plist;
				LD_RUNPATH_SEARCH_PATHS = "$(inherited) @executable_path/Frameworks @loader_path/Frameworks";
				PRODUCT_BUNDLE_IDENTIFIER = com.dimensiva.tecnologia.RED360UITests;
				PRODUCT_NAME = "$(TARGET_NAME)";
				SWIFT_VERSION = 4.0;
				TARGETED_DEVICE_FAMILY = "1,2";
				TEST_TARGET_NAME = RED360;
			};
			name = Release;
		};
/* End XCBuildConfiguration section */

/* Begin XCConfigurationList section */
		715B98EE216E251E003BE5A5 /* Build configuration list for PBXProject "RED360" */ = {
			isa = XCConfigurationList;
			buildConfigurations = (
				715B9919216E251E003BE5A5 /* Debug */,
				715B991A216E251E003BE5A5 /* Release */,
			);
			defaultConfigurationIsVisible = 0;
			defaultConfigurationName = Release;
		};
		715B991B216E251E003BE5A5 /* Build configuration list for PBXNativeTarget "RED360" */ = {
			isa = XCConfigurationList;
			buildConfigurations = (
				715B991C216E251E003BE5A5 /* Debug */,
				715B991D216E251E003BE5A5 /* Release */,
			);
			defaultConfigurationIsVisible = 0;
			defaultConfigurationName = Release;
		};
		715B991E216E251E003BE5A5 /* Build configuration list for PBXNativeTarget "RED360Tests" */ = {
			isa = XCConfigurationList;
			buildConfigurations = (
				715B991F216E251E003BE5A5 /* Debug */,
				715B9920216E251E003BE5A5 /* Release */,
			);
			defaultConfigurationIsVisible = 0;
			defaultConfigurationName = Release;
		};
		715B9921216E251E003BE5A5 /* Build configuration list for PBXNativeTarget "RED360UITests" */ = {
			isa = XCConfigurationList;
			buildConfigurations = (
				715B9922216E251E003BE5A5 /* Debug */,
				715B9923216E251E003BE5A5 /* Release */,
			);
			defaultConfigurationIsVisible = 0;
			defaultConfigurationName = Release;
		};
/* End XCConfigurationList section */
	};
	rootObject = 715B98EB216E251E003BE5A5 /* Project object */;
}
